importers:
  .:
    devDependencies:
      '@babel/runtime': registry.npmjs.org/@babel/runtime/7.12.18
      '@types/jest': registry.npmjs.org/@types/jest/26.0.20
      '@types/node': registry.npmjs.org/@types/node/12.20.4
    specifiers:
      '@babel/runtime': 7.12.18
      '@types/jest': 26.0.20
      '@types/node': 12.20.4
  shared/api-types:
    specifiers: {}
lockfileVersion: 5.2
packages:
  registry.npmjs.org/@babel/runtime/7.12.18:
    dependencies:
      regenerator-runtime: registry.npmjs.org/regenerator-runtime/0.13.9
    dev: true
    name: '@babel/runtime'
    resolution:
      integrity: sha512-BogPQ7ciE6SYAUPtlm9tWbgI9+2AgqSam6QivMgXgAT+fKbgppaj4ZX15MHeLC1PVF5sNk70huBu20XxWOs8Cg==
      registry: https://node.bit.dev/
      tarball: https://registry.npmjs.org/@babel/runtime/-/runtime-7.12.18.tgz
    version: 7.12.18
  registry.npmjs.org/@jest/types/26.6.2:
    dependencies:
      '@types/istanbul-lib-coverage': registry.npmjs.org/@types/istanbul-lib-coverage/2.0.3
      '@types/istanbul-reports': registry.npmjs.org/@types/istanbul-reports/3.0.1
      '@types/node': registry.npmjs.org/@types/node/12.20.4
      '@types/yargs': registry.npmjs.org/@types/yargs/15.0.14
      chalk: registry.npmjs.org/chalk/4.1.1
    dev: true
    engines:
      node: '>= 10.14.2'
    name: '@jest/types'
    resolution:
      integrity: sha512-fC6QCp7Sc5sX6g8Tvbmj4XUTbyrik0akgRy03yjXbQaBWWNWGE7SGtJk98m0N8nzegD/7SggrUlivxo5ax4KWQ==
      registry: https://node.bit.dev/
      tarball: https://registry.npmjs.org/@jest/types/-/types-26.6.2.tgz
    version: 26.6.2
  registry.npmjs.org/@types/istanbul-lib-coverage/2.0.3:
    dev: true
    name: '@types/istanbul-lib-coverage'
    resolution:
      integrity: sha512-sz7iLqvVUg1gIedBOvlkxPlc8/uVzyS5OwGz1cKjXzkl3FpL3al0crU8YGU1WoHkxn0Wxbw5tyi6hvzJKNzFsw==
      registry: https://node.bit.dev/
      tarball: https://registry.npmjs.org/@types/istanbul-lib-coverage/-/istanbul-lib-coverage-2.0.3.tgz
    version: 2.0.3
  registry.npmjs.org/@types/istanbul-lib-report/3.0.0:
    dependencies:
      '@types/istanbul-lib-coverage': registry.npmjs.org/@types/istanbul-lib-coverage/2.0.3
    dev: true
    name: '@types/istanbul-lib-report'
    resolution:
      integrity: sha512-plGgXAPfVKFoYfa9NpYDAkseG+g6Jr294RqeqcqDixSbU34MZVJRi/P+7Y8GDpzkEwLaGZZOpKIEmeVZNtKsrg==
      registry: https://node.bit.dev/
      tarball: https://registry.npmjs.org/@types/istanbul-lib-report/-/istanbul-lib-report-3.0.0.tgz
    version: 3.0.0
  registry.npmjs.org/@types/istanbul-reports/3.0.1:
    dependencies:
      '@types/istanbul-lib-report': registry.npmjs.org/@types/istanbul-lib-report/3.0.0
    dev: true
    name: '@types/istanbul-reports'
    resolution:
      integrity: sha512-c3mAZEuK0lvBp8tmuL74XRKn1+y2dcwOUpH7x4WrF6gk1GIgiluDRgMYQtw2OFcBvAJWlt6ASU3tSqxp0Uu0Aw==
      registry: https://node.bit.dev/
      tarball: https://registry.npmjs.org/@types/istanbul-reports/-/istanbul-reports-3.0.1.tgz
    version: 3.0.1
  registry.npmjs.org/@types/jest/26.0.20:
    dependencies:
      jest-diff: registry.npmjs.org/jest-diff/26.6.2
      pretty-format: registry.npmjs.org/pretty-format/26.6.2
    dev: true
    name: '@types/jest'
    resolution:
      integrity: sha512-9zi2Y+5USJRxd0FsahERhBwlcvFh6D2GLQnY2FH2BzK8J9s9omvNHIbvABwIluXa0fD8XVKMLTO0aOEuUfACAA==
      registry: https://node.bit.dev/
      tarball: https://registry.npmjs.org/@types/jest/-/jest-26.0.20.tgz
    version: 26.0.20
  registry.npmjs.org/@types/node/12.20.4:
    dev: true
    name: '@types/node'
    resolution:
      integrity: sha512-xRCgeE0Q4pT5UZ189TJ3SpYuX/QGl6QIAOAIeDSbAVAd2gX1NxSZup4jNVK7cxIeP8KDSbJgcckun495isP1jQ==
      registry: https://node.bit.dev/
      tarball: https://registry.npmjs.org/@types/node/-/node-12.20.4.tgz
    version: 12.20.4
  registry.npmjs.org/@types/yargs-parser/20.2.1:
    dev: true
    name: '@types/yargs-parser'
    resolution:
      integrity: sha512-7tFImggNeNBVMsn0vLrpn1H1uPrUBdnARPTpZoitY37ZrdJREzf7I16tMrlK3hen349gr1NYh8CmZQa7CTG6Aw==
      registry: https://node.bit.dev/
      tarball: https://registry.npmjs.org/@types/yargs-parser/-/yargs-parser-20.2.1.tgz
    version: 20.2.1
  registry.npmjs.org/@types/yargs/15.0.14:
    dependencies:
      '@types/yargs-parser': registry.npmjs.org/@types/yargs-parser/20.2.1
    dev: true
    name: '@types/yargs'
    resolution:
      integrity: sha512-yEJzHoxf6SyQGhBhIYGXQDSCkJjB6HohDShto7m8vaKg9Yp0Yn8+71J9eakh2bnPg6BfsH9PRMhiRTZnd4eXGQ==
      registry: https://node.bit.dev/
      tarball: https://registry.npmjs.org/@types/yargs/-/yargs-15.0.14.tgz
    version: 15.0.14
  registry.npmjs.org/ansi-regex/5.0.0:
    dev: true
    engines:
      node: '>=8'
    name: ansi-regex
    resolution:
      integrity: sha512-bY6fj56OUQ0hU1KjFNDQuJFezqKdrAyFdIevADiqrWHwSlbmBNMHp5ak2f40Pm8JTFyM2mqxkG6ngkHO11f/lg==
      registry: https://node.bit.dev/
      tarball: https://registry.npmjs.org/ansi-regex/-/ansi-regex-5.0.0.tgz
    version: 5.0.0
  registry.npmjs.org/ansi-styles/4.3.0:
    dependencies:
      color-convert: registry.npmjs.org/color-convert/2.0.1
    dev: true
    engines:
      node: '>=8'
    name: ansi-styles
    resolution:
      integrity: sha512-zbB9rCJAT1rbjiVDb2hqKFHNYLxgtk8NURxZ3IZwD3F6NtxbXZQCnnSi1Lkx+IDohdPlFp222wVALIheZJQSEg==
      registry: https://node.bit.dev/
      tarball: https://registry.npmjs.org/ansi-styles/-/ansi-styles-4.3.0.tgz
    version: 4.3.0
  registry.npmjs.org/chalk/4.1.1:
    dependencies:
      ansi-styles: registry.npmjs.org/ansi-styles/4.3.0
      supports-color: registry.npmjs.org/supports-color/7.2.0
    dev: true
    engines:
      node: '>=10'
    name: chalk
    resolution:
      integrity: sha512-diHzdDKxcU+bAsUboHLPEDQiw0qEe0qd7SYUn3HgcFlWgbDcfLGswOHYeGrHKzG9z6UYf01d9VFMfZxPM1xZSg==
      registry: https://node.bit.dev/
      tarball: https://registry.npmjs.org/chalk/-/chalk-4.1.1.tgz
    version: 4.1.1
  registry.npmjs.org/color-convert/2.0.1:
    dependencies:
      color-name: registry.npmjs.org/color-name/1.1.4
    dev: true
    engines:
      node: '>=7.0.0'
    name: color-convert
    resolution:
      integrity: sha512-RRECPsj7iu/xb5oKYcsFHSppFNnsj/52OVTRKb4zP5onXwVF3zVmmToNcOfGC+CRDpfK/U584fMg38ZHCaElKQ==
      registry: https://node.bit.dev/
      tarball: https://registry.npmjs.org/color-convert/-/color-convert-2.0.1.tgz
    version: 2.0.1
  registry.npmjs.org/color-name/1.1.4:
    dev: true
    name: color-name
    resolution:
      integrity: sha512-dOy+3AuW3a2wNbZHIuMZpTcgjGuLU/uBL/ubcZF9OXbDo8ff4O8yVp5Bf0efS8uEoYo5q4Fx7dY9OgQGXgAsQA==
      registry: https://node.bit.dev/
      tarball: https://registry.npmjs.org/color-name/-/color-name-1.1.4.tgz
    version: 1.1.4
  registry.npmjs.org/diff-sequences/26.6.2:
    dev: true
    engines:
      node: '>= 10.14.2'
    name: diff-sequences
    resolution:
      integrity: sha512-Mv/TDa3nZ9sbc5soK+OoA74BsS3mL37yixCvUAQkiuA4Wz6YtwP/K47n2rv2ovzHZvoiQeA5FTQOschKkEwB0Q==
      registry: https://node.bit.dev/
      tarball: https://registry.npmjs.org/diff-sequences/-/diff-sequences-26.6.2.tgz
    version: 26.6.2
  registry.npmjs.org/has-flag/4.0.0:
    dev: true
    engines:
      node: '>=8'
    name: has-flag
    resolution:
      integrity: sha512-EykJT/Q1KjTWctppgIAgfSO0tKVuZUjhgMr17kqTumMl6Afv3EISleU7qZUzoXDFTAHTDC4NOoG/ZxU3EvlMPQ==
      registry: https://node.bit.dev/
      tarball: https://registry.npmjs.org/has-flag/-/has-flag-4.0.0.tgz
    version: 4.0.0
  registry.npmjs.org/jest-diff/26.6.2:
    dependencies:
      chalk: registry.npmjs.org/chalk/4.1.1
      diff-sequences: registry.npmjs.org/diff-sequences/26.6.2
      jest-get-type: registry.npmjs.org/jest-get-type/26.3.0
      pretty-format: registry.npmjs.org/pretty-format/26.6.2
    dev: true
    engines:
      node: '>= 10.14.2'
    name: jest-diff
    resolution:
      integrity: sha512-6m+9Z3Gv9wN0WFVasqjCL/06+EFCMTqDEUl/b87HYK2rAPTyfz4ZIuSlPhY51PIQRWx5TaxeF1qmXKe9gfN3sA==
      registry: https://node.bit.dev/
      tarball: https://registry.npmjs.org/jest-diff/-/jest-diff-26.6.2.tgz
    version: 26.6.2
  registry.npmjs.org/jest-get-type/26.3.0:
    dev: true
    engines:
      node: '>= 10.14.2'
    name: jest-get-type
    resolution:
      integrity: sha512-TpfaviN1R2pQWkIihlfEanwOXK0zcxrKEE4MlU6Tn7keoXdN6/3gK/xl0yEh8DOunn5pOVGKf8hB4R9gVh04ig==
      registry: https://node.bit.dev/
      tarball: https://registry.npmjs.org/jest-get-type/-/jest-get-type-26.3.0.tgz
    version: 26.3.0
  registry.npmjs.org/pretty-format/26.6.2:
    dependencies:
      '@jest/types': registry.npmjs.org/@jest/types/26.6.2
      ansi-regex: registry.npmjs.org/ansi-regex/5.0.0
      ansi-styles: registry.npmjs.org/ansi-styles/4.3.0
      react-is: registry.npmjs.org/react-is/17.0.2
    dev: true
    engines:
      node: '>= 10'
    name: pretty-format
    resolution:
      integrity: sha512-7AeGuCYNGmycyQbCqd/3PWH4eOoX/OiCa0uphp57NVTeAGdJGaAliecxwBDHYQCIvrW7aDBZCYeNTP/WX69mkg==
      registry: https://node.bit.dev/
      tarball: https://registry.npmjs.org/pretty-format/-/pretty-format-26.6.2.tgz
    version: 26.6.2
  registry.npmjs.org/react-is/17.0.2:
    dev: true
    name: react-is
    resolution:
      integrity: sha512-w2GsyukL62IJnlaff/nRegPQR94C/XXamvMWmSHRJ4y7Ts/4ocGRmTHvOs8PSE6pB3dWOrD/nueuU5sduBsQ4w==
      registry: https://node.bit.dev/
      tarball: https://registry.npmjs.org/react-is/-/react-is-17.0.2.tgz
    version: 17.0.2
  registry.npmjs.org/regenerator-runtime/0.13.9:
    dev: true
    name: regenerator-runtime
    resolution:
      integrity: sha512-p3VT+cOEgxFsRRA9X4lkI1E+k2/CtnKtU4gcxyaCUreilL/vqI6CdZ3wxVUx3UOUg+gnUOQQcRI7BmSI656MYA==
      registry: https://node.bit.dev/
      tarball: https://registry.npmjs.org/regenerator-runtime/-/regenerator-runtime-0.13.9.tgz
    version: 0.13.9
  registry.npmjs.org/supports-color/7.2.0:
    dependencies:
      has-flag: registry.npmjs.org/has-flag/4.0.0
    dev: true
    engines:
      node: '>=8'
    name: supports-color
    resolution:
      integrity: sha512-qpCAvRl9stuOHveKsn7HncJRvv501qIacKzQlO/+Lwxc9+0q2wLyv4Dfvt80/DPn2pqOBsJdDiogXGR9+OvwRw==
      registry: https://node.bit.dev/
      tarball: https://registry.npmjs.org/supports-color/-/supports-color-7.2.0.tgz
    version: 7.2.0
